
Microsoft Visual Studio Solution File, Format Version 12.00
# Visual Studio 15
VisualStudioVersion = 15.0.28307.106
MinimumVisualStudioVersion = 10.0.40219.1
Project("{FAE04EC0-301F-11D3-BF4B-00C04F79EFBC}") = "ElementWordThinger", "ElementWordThinger\ElementWordThinger.csproj", "{8A741CBE-19E8-444B-BDCF-39FF30A9278A}"
EndProject
Global
	GlobalSection(SolutionConfigurationPlatforms) = preSolution
		Debug|Any CPU = Debug|Any CPU
		Release|Any CPU = Release|Any CPU
	EndGlobalSection
	GlobalSection(ProjectConfigurationPlatforms) = postSolution
		{8A741CBE-19E8-444B-BDCF-39FF30A9278A}.Debug|Any CPU.ActiveCfg = Debug|Any CPU
		{8A741CBE-19E8-444B-BDCF-39FF30A9278A}.Debug|Any CPU.Build.0 = Debug|Any CPU
		{8A741CBE-19E8-444B-BDCF-39FF30A9278A}.Release|Any CPU.ActiveCfg = Release|Any CPU
		{8A741CBE-19E8-444B-BDCF-39FF30A9278A}.Release|Any CPU.Build.0 = Release|Any CPU
	EndGlobalSection
	GlobalSection(SolutionProperties) = preSolution
		HideSolutionNode = FALSE
	EndGlobalSection
	GlobalSection(ExtensibilityGlobals) = postSolution
		SolutionGuid = {300676E2-5C95-474E-8979-75A4FCAB1A98}
	EndGlobalSection
EndGlobal
